
Microsoft Visual Studio Solution File, Format Version 12.00
# Visual Studio Version 16
VisualStudioVersion = 16.0.30413.136
MinimumVisualStudioVersion = 10.0.40219.1
Project("{FAE04EC0-301F-11D3-BF4B-00C04F79EFBC}") = "Git", "Git\Git.csproj", "{74E8E2FB-6419-4110-A67B-EA7A053BC5FA}"
EndProject
Global
	GlobalSection(SolutionConfigurationPlatforms) = preSolution
		Debug|Any CPU = Debug|Any CPU
		Release|Any CPU = Release|Any CPU
	EndGlobalSection
	GlobalSection(ProjectConfigurationPlatforms) = postSolution
		{74E8E2FB-6419-4110-A67B-EA7A053BC5FA}.Debug|Any CPU.ActiveCfg = Debug|Any CPU
		{74E8E2FB-6419-4110-A67B-EA7A053BC5FA}.Debug|Any CPU.Build.0 = Debug|Any CPU
		{74E8E2FB-6419-4110-A67B-EA7A053BC5FA}.Release|Any CPU.ActiveCfg = Release|Any CPU
		{74E8E2FB-6419-4110-A67B-EA7A053BC5FA}.Release|Any CPU.Build.0 = Release|Any CPU
	EndGlobalSection
	GlobalSection(SolutionProperties) = preSolution
		HideSolutionNode = FALSE
	EndGlobalSection
	GlobalSection(ExtensibilityGlobals) = postSolution
		SolutionGuid = {29F818D4-D138-4B1A-B376-BF38C075F65E}
	EndGlobalSection
EndGlobal
